
Microsoft Visual Studio Solution File, Format Version 12.00
# Visual Studio Version 16
VisualStudioVersion = 16.0.31613.86
MinimumVisualStudioVersion = 10.0.40219.1
Project("{9A19103F-16F7-4668-BE54-9A1E7A4F7556}") = "th", "th\th.csproj", "{ADEEDBEB-8859-4988-AE1C-4D3C35125BF4}"
EndProject
Project("{FAE04EC0-301F-11D3-BF4B-00C04F79EFBC}") = "doing", "doing\doing.csproj", "{3CD91798-F353-459A-A34A-FAF632D97A71}"
EndProject
Global
	GlobalSection(SolutionConfigurationPlatforms) = preSolution
		Debug|Any CPU = Debug|Any CPU
		Release|Any CPU = Release|Any CPU
	EndGlobalSection
	GlobalSection(ProjectConfigurationPlatforms) = postSolution
		{ADEEDBEB-8859-4988-AE1C-4D3C35125BF4}.Debug|Any CPU.ActiveCfg = Debug|Any CPU
		{ADEEDBEB-8859-4988-AE1C-4D3C35125BF4}.Debug|Any CPU.Build.0 = Debug|Any CPU
		{ADEEDBEB-8859-4988-AE1C-4D3C35125BF4}.Release|Any CPU.ActiveCfg = Release|Any CPU
		{ADEEDBEB-8859-4988-AE1C-4D3C35125BF4}.Release|Any CPU.Build.0 = Release|Any CPU
		{3CD91798-F353-459A-A34A-FAF632D97A71}.Debug|Any CPU.ActiveCfg = Debug|Any CPU
		{3CD91798-F353-459A-A34A-FAF632D97A71}.Debug|Any CPU.Build.0 = Debug|Any CPU
		{3CD91798-F353-459A-A34A-FAF632D97A71}.Release|Any CPU.ActiveCfg = Release|Any CPU
		{3CD91798-F353-459A-A34A-FAF632D97A71}.Release|Any CPU.Build.0 = Release|Any CPU
	EndGlobalSection
	GlobalSection(SolutionProperties) = preSolution
		HideSolutionNode = FALSE
	EndGlobalSection
	GlobalSection(ExtensibilityGlobals) = postSolution
		SolutionGuid = {7D000EC1-736E-4E84-A167-7EF64FECDD22}
	EndGlobalSection
EndGlobal
